
Microsoft Visual Studio Solution File, Format Version 12.00
# Visual Studio Version 16
VisualStudioVersion = 16.0.30907.101
MinimumVisualStudioVersion = 10.0.40219.1
Project("{FAE04EC0-301F-11D3-BF4B-00C04F79EFBC}") = "gestionEtudiant", "gestionEtudiant\gestionEtudiant.csproj", "{EBD25DD0-D8BD-4096-8A47-3C94DE7D39C5}"
EndProject
Global
	GlobalSection(SolutionConfigurationPlatforms) = preSolution
		Debug|Any CPU = Debug|Any CPU
		Release|Any CPU = Release|Any CPU
	EndGlobalSection
	GlobalSection(ProjectConfigurationPlatforms) = postSolution
		{EBD25DD0-D8BD-4096-8A47-3C94DE7D39C5}.Debug|Any CPU.ActiveCfg = Debug|Any CPU
		{EBD25DD0-D8BD-4096-8A47-3C94DE7D39C5}.Debug|Any CPU.Build.0 = Debug|Any CPU
		{EBD25DD0-D8BD-4096-8A47-3C94DE7D39C5}.Release|Any CPU.ActiveCfg = Release|Any CPU
		{EBD25DD0-D8BD-4096-8A47-3C94DE7D39C5}.Release|Any CPU.Build.0 = Release|Any CPU
	EndGlobalSection
	GlobalSection(SolutionProperties) = preSolution
		HideSolutionNode = FALSE
	EndGlobalSection
	GlobalSection(ExtensibilityGlobals) = postSolution
		SolutionGuid = {4F876ADB-521E-4909-BD7A-31D0FB54062A}
	EndGlobalSection
EndGlobal
